
Microsoft Visual Studio Solution File, Format Version 12.00
# Visual Studio Version 17
VisualStudioVersion = 17.6.33513.286
MinimumVisualStudioVersion = 10.0.40219.1
Project("{9A19103F-16F7-4668-BE54-9A1E7A4F7556}") = "LifeSpot", "LifeSpot.csproj", "{172FD318-885F-4B63-9D89-24CB316B6A69}"
EndProject
Global
	GlobalSection(SolutionConfigurationPlatforms) = preSolution
		Debug|Any CPU = Debug|Any CPU
		Release|Any CPU = Release|Any CPU
	EndGlobalSection
	GlobalSection(ProjectConfigurationPlatforms) = postSolution
		{172FD318-885F-4B63-9D89-24CB316B6A69}.Debug|Any CPU.ActiveCfg = Debug|Any CPU
		{172FD318-885F-4B63-9D89-24CB316B6A69}.Debug|Any CPU.Build.0 = Debug|Any CPU
		{172FD318-885F-4B63-9D89-24CB316B6A69}.Release|Any CPU.ActiveCfg = Release|Any CPU
		{172FD318-885F-4B63-9D89-24CB316B6A69}.Release|Any CPU.Build.0 = Release|Any CPU
	EndGlobalSection
	GlobalSection(SolutionProperties) = preSolution
		HideSolutionNode = FALSE
	EndGlobalSection
	GlobalSection(ExtensibilityGlobals) = postSolution
		SolutionGuid = {5BBEDA5A-D7C9-4573-B933-DACFFEA693DB}
	EndGlobalSection
EndGlobal
